
Microsoft Visual Studio Solution File, Format Version 12.00
# Visual Studio Version 17
VisualStudioVersion = 17.14.36616.10 d17.14
MinimumVisualStudioVersion = 10.0.40219.1
Project("{FAE04EC0-301F-11D3-BF4B-00C04F79EFBC}") = "BetterSprayPaint", "BetterSprayPaint.csproj", "{767EC09D-7B87-B357-C2CB-3887177D600C}"
EndProject
Global
	GlobalSection(SolutionConfigurationPlatforms) = preSolution
		Debug|Any CPU = Debug|Any CPU
		Release|Any CPU = Release|Any CPU
	EndGlobalSection
	GlobalSection(ProjectConfigurationPlatforms) = postSolution
		{767EC09D-7B87-B357-C2CB-3887177D600C}.Debug|Any CPU.ActiveCfg = Debug|Any CPU
		{767EC09D-7B87-B357-C2CB-3887177D600C}.Debug|Any CPU.Build.0 = Debug|Any CPU
		{767EC09D-7B87-B357-C2CB-3887177D600C}.Release|Any CPU.ActiveCfg = Release|Any CPU
		{767EC09D-7B87-B357-C2CB-3887177D600C}.Release|Any CPU.Build.0 = Release|Any CPU
	EndGlobalSection
	GlobalSection(SolutionProperties) = preSolution
		HideSolutionNode = FALSE
	EndGlobalSection
	GlobalSection(ExtensibilityGlobals) = postSolution
		SolutionGuid = {B8BB5D2A-846F-4632-994D-B81CE9423403}
	EndGlobalSection
EndGlobal
